
Microsoft Visual Studio Solution File, Format Version 12.00
# Visual Studio Version 16
VisualStudioVersion = 16.0.29728.190
MinimumVisualStudioVersion = 10.0.40219.1
Project("{FAE04EC0-301F-11D3-BF4B-00C04F79EFBC}") = "Tabloolustur", "Tabloolustur\Tabloolustur.csproj", "{194F203E-950B-4A07-BD0F-6DBD3BB83757}"
EndProject
Global
	GlobalSection(SolutionConfigurationPlatforms) = preSolution
		Debug|Any CPU = Debug|Any CPU
		Release|Any CPU = Release|Any CPU
	EndGlobalSection
	GlobalSection(ProjectConfigurationPlatforms) = postSolution
		{194F203E-950B-4A07-BD0F-6DBD3BB83757}.Debug|Any CPU.ActiveCfg = Debug|Any CPU
		{194F203E-950B-4A07-BD0F-6DBD3BB83757}.Debug|Any CPU.Build.0 = Debug|Any CPU
		{194F203E-950B-4A07-BD0F-6DBD3BB83757}.Release|Any CPU.ActiveCfg = Release|Any CPU
		{194F203E-950B-4A07-BD0F-6DBD3BB83757}.Release|Any CPU.Build.0 = Release|Any CPU
	EndGlobalSection
	GlobalSection(SolutionProperties) = preSolution
		HideSolutionNode = FALSE
	EndGlobalSection
	GlobalSection(ExtensibilityGlobals) = postSolution
		SolutionGuid = {B88230B7-FFB3-449D-A70A-18F9F232E2E2}
	EndGlobalSection
EndGlobal
